{
  "name": "jsbox-getcookies",
  "version": "0.1.0",
  "lockfileVersion": 1,
  "requires": true,
  "dependencies": {
    "cview-baseview": {
      "version": "file:../cview-jsbox/cview-baseview",
      "requires": {
        "cview-util-cvid": "file:../cview-jsbox/cview-util-cvid"
      },
      "dependencies": {
        "cview-util-cvid": {
          "version": "file:../cview-jsbox/cview-util-cvid"
        }
      }
    },
    "cview-custom-navigationbar": {
      "version": "file:../cview-jsbox/cview-custom-navigationbar",
      "requires": {
        "cview-baseview": "file:../cview-jsbox/cview-baseview",
        "cview-singleviews": "file:../cview-jsbox/cview-singleviews",
        "cview-util-ui": "file:../cview-jsbox/cview-util-ui"
      },
      "dependencies": {
        "cview-baseview": {
          "version": "file:../cview-jsbox/cview-baseview",
          "requires": {
            "cview-util-cvid": "file:../cview-jsbox/cview-util-cvid"
          },
          "dependencies": {
            "cview-util-cvid": {
              "version": "file:../cview-jsbox/cview-util-cvid"
            }
          }
        },
        "cview-singleviews": {
          "version": "file:../cview-jsbox/cview-singleviews",
          "requires": {
            "cview-baseview": "file:../cview-jsbox/cview-baseview"
          },
          "dependencies": {
            "cview-baseview": {
              "version": "file:../cview-jsbox/cview-baseview",
              "requires": {
                "cview-util-cvid": "file:../cview-jsbox/cview-util-cvid"
              },
              "dependencies": {
                "cview-util-cvid": {
                  "version": "file:../cview-jsbox/cview-util-cvid"
                }
              }
            }
          }
        },
        "cview-symbol-button": {
          "version": "0.1.0",
          "requires": {
            "cview-baseview": "file:../cview-jsbox/cview-baseview",
            "cview-singleviews": "file:../cview-jsbox/cview-singleviews"
          },
          "dependencies": {
            "cview-baseview": {
              "version": "file:../cview-jsbox/cview-baseview",
              "requires": {
                "cview-util-cvid": "file:../cview-jsbox/cview-util-cvid"
              },
              "dependencies": {
                "cview-util-cvid": {
                  "version": "file:../cview-jsbox/cview-util-cvid"
                }
              }
            },
            "cview-singleviews": {
              "version": "file:../cview-jsbox/cview-singleviews",
              "requires": {
                "cview-baseview": "file:../cview-jsbox/cview-baseview"
              },
              "dependencies": {
                "cview-baseview": {
                  "version": "file:../cview-jsbox/cview-baseview",
                  "requires": {
                    "cview-util-cvid": "file:../cview-jsbox/cview-util-cvid"
                  },
                  "dependencies": {}
                }
              }
            }
          }
        },
        "cview-util-ui": {
          "version": "file:../cview-jsbox/cview-util-ui"
        }
      }
    },
    "cview-dialog-sheet": {
      "version": "file:../cview-jsbox/cview-dialog-sheet",
      "requires": {
        "cview-baseview": "file:../cview-jsbox/cview-baseview",
        "cview-custom-navigationbar": "file:../cview-jsbox/cview-custom-navigationbar",
        "cview-sheet": "file:../cview-jsbox/cview-sheet",
        "cview-util-localization": "file:../cview-jsbox/cview-util-localization"
      },
      "dependencies": {
        "cview-baseview": {
          "version": "file:../cview-jsbox/cview-baseview",
          "requires": {
            "cview-util-cvid": "file:../cview-jsbox/cview-util-cvid"
          },
          "dependencies": {
            "cview-util-cvid": {
              "version": "file:../cview-jsbox/cview-util-cvid"
            }
          }
        },
        "cview-custom-navigationbar": {
          "version": "file:../cview-jsbox/cview-custom-navigationbar",
          "requires": {
            "cview-baseview": "file:../cview-jsbox/cview-baseview",
            "cview-singleviews": "file:../cview-jsbox/cview-singleviews",
            "cview-util-ui": "file:../cview-jsbox/cview-util-ui"
          },
          "dependencies": {
            "cview-baseview": {
              "version": "file:../cview-jsbox/cview-baseview",
              "requires": {
                "cview-util-cvid": "file:../cview-jsbox/cview-util-cvid"
              },
              "dependencies": {
                "cview-util-cvid": {
                  "version": "file:../cview-jsbox/cview-util-cvid"
                }
              }
            },
            "cview-singleviews": {
              "version": "file:../cview-jsbox/cview-singleviews",
              "requires": {
                "cview-baseview": "file:../cview-jsbox/cview-baseview"
              },
              "dependencies": {
                "cview-baseview": {
                  "version": "file:../cview-jsbox/cview-baseview",
                  "requires": {
                    "cview-util-cvid": "file:../cview-jsbox/cview-util-cvid"
                  },
                  "dependencies": {
                    "cview-util-cvid": {
                      "version": "file:../cview-jsbox/cview-util-cvid"
                    }
                  }
                }
              }
            },
            "cview-symbol-button": {
              "version": "0.1.0",
              "requires": {
                "cview-baseview": "file:../cview-jsbox/cview-baseview",
                "cview-singleviews": "file:../cview-jsbox/cview-singleviews"
              },
              "dependencies": {
                "cview-baseview": {
                  "version": "file:../cview-jsbox/cview-baseview",
                  "requires": {
                    "cview-util-cvid": "file:../cview-jsbox/cview-util-cvid"
                  },
                  "dependencies": {
                    "cview-util-cvid": {
                      "version": "file:../cview-jsbox/cview-util-cvid"
                    }
                  }
                },
                "cview-singleviews": {
                  "version": "file:../cview-jsbox/cview-singleviews",
                  "requires": {
                    "cview-baseview": "file:../cview-jsbox/cview-baseview"
                  },
                  "dependencies": {
                    "cview-baseview": {
                      "version": "file:../cview-jsbox/cview-baseview",
                      "requires": {
                        "cview-util-cvid": "file:../cview-jsbox/cview-util-cvid"
                      },
                      "dependencies": {}
                    }
                  }
                }
              }
            },
            "cview-util-ui": {
              "version": "file:../cview-jsbox/cview-util-ui"
            }
          }
        },
        "cview-sheet": {
          "version": "file:../cview-jsbox/cview-sheet",
          "requires": {
            "cview-util-cvid": "file:../cview-jsbox/cview-util-cvid"
          },
          "dependencies": {
            "cview-util-cvid": {
              "version": "file:../cview-jsbox/cview-util-cvid"
            }
          }
        },
        "cview-singleviews": {
          "version": "0.1.0",
          "requires": {
            "cview-baseview": "file:../cview-jsbox/cview-baseview"
          },
          "dependencies": {
            "cview-baseview": {
              "version": "file:../cview-jsbox/cview-baseview",
              "requires": {
                "cview-util-cvid": "file:../cview-jsbox/cview-util-cvid"
              },
              "dependencies": {}
            }
          }
        },
        "cview-util-localization": {
          "version": "file:../cview-jsbox/cview-util-localization"
        }
      }
    },
    "cview-imagepager": {
      "version": "file:../cview-jsbox/cview-imagepager",
      "requires": {
        "cview-baseview": "file:../cview-jsbox/cview-baseview",
        "cview-singleviews": "file:../cview-jsbox/cview-singleviews"
      },
      "dependencies": {
        "cview-baseview": {
          "version": "file:../cview-jsbox/cview-baseview",
          "requires": {
            "cview-util-cvid": "file:../cview-jsbox/cview-util-cvid"
          },
          "dependencies": {
            "cview-util-cvid": {
              "version": "file:../cview-jsbox/cview-util-cvid"
            }
          }
        },
        "cview-singleviews": {
          "version": "file:../cview-jsbox/cview-singleviews",
          "requires": {
            "cview-baseview": "file:../cview-jsbox/cview-baseview"
          },
          "dependencies": {
            "cview-baseview": {
              "version": "file:../cview-jsbox/cview-baseview",
              "requires": {
                "cview-util-cvid": "file:../cview-jsbox/cview-util-cvid"
              },
              "dependencies": {
                "cview-util-cvid": {
                  "version": "file:../cview-jsbox/cview-util-cvid"
                }
              }
            }
          }
        }
      }
    },
    "cview-inputalert": {
      "version": "file:../cview-jsbox/cview-inputalert",
      "requires": {
        "cview-uialert": "file:../cview-jsbox/cview-uialert",
        "cview-util-localization": "file:../cview-jsbox/cview-util-localization"
      },
      "dependencies": {
        "cview-uialert": {
          "version": "file:../cview-jsbox/cview-uialert"
        },
        "cview-util-localization": {
          "version": "file:../cview-jsbox/cview-util-localization"
        }
      }
    },
    "cview-plainalert": {
      "version": "file:../cview-jsbox/cview-plainalert",
      "requires": {
        "cview-uialert": "file:../cview-jsbox/cview-uialert",
        "cview-util-localization": "file:../cview-jsbox/cview-util-localization"
      },
      "dependencies": {
        "cview-uialert": {
          "version": "file:../cview-jsbox/cview-uialert"
        },
        "cview-util-localization": {
          "version": "file:../cview-jsbox/cview-util-localization"
        }
      }
    },
    "cview-preferencelistview-static": {
      "version": "file:../cview-jsbox/cview-preferencelistview-static",
      "requires": {
        "cview-baseview": "file:../cview-jsbox/cview-baseview"
      },
      "dependencies": {
        "cview-baseview": {
          "version": "file:../cview-jsbox/cview-baseview",
          "requires": {
            "cview-util-cvid": "file:../cview-jsbox/cview-util-cvid"
          },
          "dependencies": {
            "cview-util-cvid": {
              "version": "file:../cview-jsbox/cview-util-cvid"
            }
          }
        }
      }
    },
    "cview-sheet": {
      "version": "file:../cview-jsbox/cview-sheet",
      "requires": {
        "cview-util-cvid": "file:../cview-jsbox/cview-util-cvid"
      },
      "dependencies": {
        "cview-util-cvid": {
          "version": "file:../cview-jsbox/cview-util-cvid"
        }
      }
    },
    "cview-singleviews": {
      "version": "file:../cview-jsbox/cview-singleviews",
      "requires": {
        "cview-baseview": "file:../cview-jsbox/cview-baseview"
      },
      "dependencies": {
        "cview-baseview": {
          "version": "file:../cview-jsbox/cview-baseview",
          "requires": {
            "cview-util-cvid": "file:../cview-jsbox/cview-util-cvid"
          },
          "dependencies": {
            "cview-util-cvid": {
              "version": "file:../cview-jsbox/cview-util-cvid"
            }
          }
        }
      }
    },
    "cview-symbol-button": {
      "version": "file:../cview-jsbox/cview-symbol-button",
      "requires": {
        "cview-baseview": "file:../cview-jsbox/cview-baseview",
        "cview-singleviews": "file:../cview-jsbox/cview-singleviews"
      },
      "dependencies": {
        "cview-baseview": {
          "version": "file:../cview-jsbox/cview-baseview",
          "requires": {
            "cview-util-cvid": "file:../cview-jsbox/cview-util-cvid"
          },
          "dependencies": {
            "cview-util-cvid": {
              "version": "file:../cview-jsbox/cview-util-cvid"
            }
          }
        },
        "cview-singleviews": {
          "version": "file:../cview-jsbox/cview-singleviews",
          "requires": {
            "cview-baseview": "file:../cview-jsbox/cview-baseview"
          },
          "dependencies": {
            "cview-baseview": {
              "version": "file:../cview-jsbox/cview-baseview",
              "requires": {
                "cview-util-cvid": "file:../cview-jsbox/cview-util-cvid"
              },
              "dependencies": {
                "cview-util-cvid": {
                  "version": "file:../cview-jsbox/cview-util-cvid"
                }
              }
            }
          }
        }
      }
    },
    "cview-tabbar": {
      "version": "file:../cview-jsbox/cview-tabbar",
      "requires": {
        "cview-baseview": "file:../cview-jsbox/cview-baseview",
        "cview-singleviews": "file:../cview-jsbox/cview-singleviews",
        "cview-util-colors": "file:../cview-jsbox/cview-util-colors"
      },
      "dependencies": {
        "cview-baseview": {
          "version": "file:../cview-jsbox/cview-baseview",
          "requires": {
            "cview-util-cvid": "file:../cview-jsbox/cview-util-cvid"
          },
          "dependencies": {
            "cview-util-cvid": {
              "version": "file:../cview-jsbox/cview-util-cvid"
            }
          }
        },
        "cview-singleviews": {
          "version": "file:../cview-jsbox/cview-singleviews",
          "requires": {
            "cview-baseview": "file:../cview-jsbox/cview-baseview"
          },
          "dependencies": {
            "cview-baseview": {
              "version": "file:../cview-jsbox/cview-baseview",
              "requires": {
                "cview-util-cvid": "file:../cview-jsbox/cview-util-cvid"
              },
              "dependencies": {
                "cview-util-cvid": {
                  "version": "file:../cview-jsbox/cview-util-cvid"
                }
              }
            }
          }
        },
        "cview-util-colors": {
          "version": "file:../cview-jsbox/cview-util-colors"
        }
      }
    },
    "cview-util-path": {
      "version": "file:../cview-jsbox/cview-util-path"
    }
  }
}
